// !$*UTF8*$!
{
	archiveVersion = 1;
	classes = {
	};
	objectVersion = 51;
	objects = {

/* Begin PBXBuildFile section */
		124AC4D7CE6753172FE007EE /* Pods_SwiftProject.framework in Frameworks */ = {isa = PBXBuildFile; fileRef = 4D56D873629130E8868180BD /* Pods_SwiftProject.framework */; };
		17659A6C23BBAAE600462C46 /* AppDelegate.swift in Sources */ = {isa = PBXBuildFile; fileRef = 17659A6B23BBAAE600462C46 /* AppDelegate.swift */; };
		17659A6E23BBAAE600462C46 /* SceneDelegate.swift in Sources */ = {isa = PBXBuildFile; fileRef = 17659A6D23BBAAE600462C46 /* SceneDelegate.swift */; };
		17659A7023BBAAE600462C46 /* ViewController.swift in Sources */ = {isa = PBXBuildFile; fileRef = 17659A6F23BBAAE600462C46 /* ViewController.swift */; };
		17659A7323BBAAE600462C46 /* Main.storyboard in Resources */ = {isa = PBXBuildFile; fileRef = 17659A7123BBAAE600462C46 /* Main.storyboard */; };
		17659A7523BBAAE800462C46 /* Assets.xcassets in Resources */ = {isa = PBXBuildFile; fileRef = 17659A7423BBAAE800462C46 /* Assets.xcassets */; };
		17659A7823BBAAE800462C46 /* LaunchScreen.storyboard in Resources */ = {isa = PBXBuildFile; fileRef = 17659A7623BBAAE800462C46 /* LaunchScreen.storyboard */; };
		17659A8323BBAAE800462C46 /* SwiftProjectTests.swift in Sources */ = {isa = PBXBuildFile; fileRef = 17659A8223BBAAE800462C46 /* SwiftProjectTests.swift */; };
		17659A8E23BBAAE800462C46 /* SwiftProjectUITests.swift in Sources */ = {isa = PBXBuildFile; fileRef = 17659A8D23BBAAE800462C46 /* SwiftProjectUITests.swift */; };
		17659A9C23BC5A6600462C46 /* StringUsageViewController.swift in Sources */ = {isa = PBXBuildFile; fileRef = 17659A9B23BC5A6600462C46 /* StringUsageViewController.swift */; };
		4AD12007C115B2500677B6E3 /* Pods_SwiftProject_SwiftProjectUITests.framework in Frameworks */ = {isa = PBXBuildFile; fileRef = C82486BFC5958097DB2548A2 /* Pods_SwiftProject_SwiftProjectUITests.framework */; };
		5B39FCE367DC3616C91652B6 /* Pods_SwiftProjectTests.framework in Frameworks */ = {isa = PBXBuildFile; fileRef = 93F71B362217682436FD0AB9 /* Pods_SwiftProjectTests.framework */; };
/* End PBXBuildFile section */

/* Begin PBXContainerItemProxy section */
		17659A7F23BBAAE800462C46 /* PBXContainerItemProxy */ = {
			isa = PBXContainerItemProxy;
			containerPortal = 17659A6023BBAAE600462C46 /* Project object */;
			proxyType = 1;
			remoteGlobalIDString = 17659A6723BBAAE600462C46;
			remoteInfo = SwiftProject;
		};
		17659A8A23BBAAE800462C46 /* PBXContainerItemProxy */ = {
			isa = PBXContainerItemProxy;
			containerPortal = 17659A6023BBAAE600462C46 /* Project object */;
			proxyType = 1;
			remoteGlobalIDString = 17659A6723BBAAE600462C46;
			remoteInfo = SwiftProject;
		};
/* End PBXContainerItemProxy section */

/* Begin PBXFileReference section */
		17659A6823BBAAE600462C46 /* SwiftProject.app */ = {isa = PBXFileReference; explicitFileType = wrapper.application; includeInIndex = 0; path = SwiftProject.app; sourceTree = BUILT_PRODUCTS_DIR; };
		17659A6B23BBAAE600462C46 /* AppDelegate.swift */ = {isa = PBXFileReference; lastKnownFileType = sourcecode.swift; path = AppDelegate.swift; sourceTree = "<group>"; };
		17659A6D23BBAAE600462C46 /* SceneDelegate.swift */ = {isa = PBXFileReference; lastKnownFileType = sourcecode.swift; path = SceneDelegate.swift; sourceTree = "<group>"; };
		17659A6F23BBAAE600462C46 /* ViewController.swift */ = {isa = PBXFileReference; lastKnownFileType = sourcecode.swift; path = ViewController.swift; sourceTree = "<group>"; };
		17659A7223BBAAE600462C46 /* Base */ = {isa = PBXFileReference; lastKnownFileType = file.storyboard; name = Base; path = Base.lproj/Main.storyboard; sourceTree = "<group>"; };
		17659A7423BBAAE800462C46 /* Assets.xcassets */ = {isa = PBXFileReference; lastKnownFileType = folder.assetcatalog; path = Assets.xcassets; sourceTree = "<group>"; };
		17659A7723BBAAE800462C46 /* Base */ = {isa = PBXFileReference; lastKnownFileType = file.storyboard; name = Base; path = Base.lproj/LaunchScreen.storyboard; sourceTree = "<group>"; };
		17659A7923BBAAE800462C46 /* Info.plist */ = {isa = PBXFileReference; lastKnownFileType = text.plist.xml; path = Info.plist; sourceTree = "<group>"; };
		17659A7E23BBAAE800462C46 /* SwiftProjectTests.xctest */ = {isa = PBXFileReference; explicitFileType = wrapper.cfbundle; includeInIndex = 0; path = SwiftProjectTests.xctest; sourceTree = BUILT_PRODUCTS_DIR; };
		17659A8223BBAAE800462C46 /* SwiftProjectTests.swift */ = {isa = PBXFileReference; lastKnownFileType = sourcecode.swift; path = SwiftProjectTests.swift; sourceTree = "<group>"; };
		17659A8423BBAAE800462C46 /* Info.plist */ = {isa = PBXFileReference; lastKnownFileType = text.plist.xml; path = Info.plist; sourceTree = "<group>"; };
		17659A8923BBAAE800462C46 /* SwiftProjectUITests.xctest */ = {isa = PBXFileReference; explicitFileType = wrapper.cfbundle; includeInIndex = 0; path = SwiftProjectUITests.xctest; sourceTree = BUILT_PRODUCTS_DIR; };
		17659A8D23BBAAE800462C46 /* SwiftProjectUITests.swift */ = {isa = PBXFileReference; lastKnownFileType = sourcecode.swift; path = SwiftProjectUITests.swift; sourceTree = "<group>"; };
		17659A8F23BBAAE800462C46 /* Info.plist */ = {isa = PBXFileReference; lastKnownFileType = text.plist.xml; path = Info.plist; sourceTree = "<group>"; };
		17659A9B23BC5A6600462C46 /* StringUsageViewController.swift */ = {isa = PBXFileReference; lastKnownFileType = sourcecode.swift; path = StringUsageViewController.swift; sourceTree = "<group>"; };
		317D71496F5B2B33DD00333C /* Pods-SwiftProjectTests.debug.xcconfig */ = {isa = PBXFileReference; includeInIndex = 1; lastKnownFileType = text.xcconfig; name = "Pods-SwiftProjectTests.debug.xcconfig"; path = "Target Support Files/Pods-SwiftProjectTests/Pods-SwiftProjectTests.debug.xcconfig"; sourceTree = "<group>"; };
		41B594C6F4AF8E82BAA04F8B /* Pods-SwiftProjectTests.release.xcconfig */ = {isa = PBXFileReference; includeInIndex = 1; lastKnownFileType = text.xcconfig; name = "Pods-SwiftProjectTests.release.xcconfig"; path = "Target Support Files/Pods-SwiftProjectTests/Pods-SwiftProjectTests.release.xcconfig"; sourceTree = "<group>"; };
		43347B42D14CC449A8C7D375 /* Pods-SwiftProject.debug.xcconfig */ = {isa = PBXFileReference; includeInIndex = 1; lastKnownFileType = text.xcconfig; name = "Pods-SwiftProject.debug.xcconfig"; path = "Target Support Files/Pods-SwiftProject/Pods-SwiftProject.debug.xcconfig"; sourceTree = "<group>"; };
		4D56D873629130E8868180BD /* Pods_SwiftProject.framework */ = {isa = PBXFileReference; explicitFileType = wrapper.framework; includeInIndex = 0; path = Pods_SwiftProject.framework; sourceTree = BUILT_PRODUCTS_DIR; };
		51CA800F057DDB26F84E4E45 /* Pods-SwiftProject.release.xcconfig */ = {isa = PBXFileReference; includeInIndex = 1; lastKnownFileType = text.xcconfig; name = "Pods-SwiftProject.release.xcconfig"; path = "Target Support Files/Pods-SwiftProject/Pods-SwiftProject.release.xcconfig"; sourceTree = "<group>"; };
		93F71B362217682436FD0AB9 /* Pods_SwiftProjectTests.framework */ = {isa = PBXFileReference; explicitFileType = wrapper.framework; includeInIndex = 0; path = Pods_SwiftProjectTests.framework; sourceTree = BUILT_PRODUCTS_DIR; };
		9F7B3527779C693608D1E9B1 /* Pods-SwiftProject-SwiftProjectUITests.release.xcconfig */ = {isa = PBXFileReference; includeInIndex = 1; lastKnownFileType = text.xcconfig; name = "Pods-SwiftProject-SwiftProjectUITests.release.xcconfig"; path = "Target Support Files/Pods-SwiftProject-SwiftProjectUITests/Pods-SwiftProject-SwiftProjectUITests.release.xcconfig"; sourceTree = "<group>"; };
		C82486BFC5958097DB2548A2 /* Pods_SwiftProject_SwiftProjectUITests.framework */ = {isa = PBXFileReference; explicitFileType = wrapper.framework; includeInIndex = 0; path = Pods_SwiftProject_SwiftProjectUITests.framework; sourceTree = BUILT_PRODUCTS_DIR; };
		E28607C5832B2B1B56495DD7 /* Pods-SwiftProject-SwiftProjectUITests.debug.xcconfig */ = {isa = PBXFileReference; includeInIndex = 1; lastKnownFileType = text.xcconfig; name = "Pods-SwiftProject-SwiftProjectUITests.debug.xcconfig"; path = "Target Support Files/Pods-SwiftProject-SwiftProjectUITests/Pods-SwiftProject-SwiftProjectUITests.debug.xcconfig"; sourceTree = "<group>"; };
/* End PBXFileReference section */

/* Begin PBXFrameworksBuildPhase section */
		17659A6523BBAAE600462C46 /* Frameworks */ = {
			isa = PBXFrameworksBuildPhase;
			buildActionMask = 2147483647;
			files = (
				124AC4D7CE6753172FE007EE /* Pods_SwiftProject.framework in Frameworks */,
			);
			runOnlyForDeploymentPostprocessing = 0;
		};
		17659A7B23BBAAE800462C46 /* Frameworks */ = {
			isa = PBXFrameworksBuildPhase;
			buildActionMask = 2147483647;
			files = (
				5B39FCE367DC3616C91652B6 /* Pods_SwiftProjectTests.framework in Frameworks */,
			);
			runOnlyForDeploymentPostprocessing = 0;
		};
		17659A8623BBAAE800462C46 /* Frameworks */ = {
			isa = PBXFrameworksBuildPhase;
			buildActionMask = 2147483647;
			files = (
				4AD12007C115B2500677B6E3 /* Pods_SwiftProject_SwiftProjectUITests.framework in Frameworks */,
			);
			runOnlyForDeploymentPostprocessing = 0;
		};
/* End PBXFrameworksBuildPhase section */

/* Begin PBXGroup section */
		17659A5F23BBAAE600462C46 = {
			isa = PBXGroup;
			children = (
				17659A6A23BBAAE600462C46 /* SwiftProject */,
				17659A8123BBAAE800462C46 /* SwiftProjectTests */,
				17659A8C23BBAAE800462C46 /* SwiftProjectUITests */,
				17659A6923BBAAE600462C46 /* Products */,
				4E7A21C14A567D9F948903C6 /* Pods */,
				591C6B09869EC07235A999E6 /* Frameworks */,
			);
			sourceTree = "<group>";
		};
		17659A6923BBAAE600462C46 /* Products */ = {
			isa = PBXGroup;
			children = (
				17659A6823BBAAE600462C46 /* SwiftProject.app */,
				17659A7E23BBAAE800462C46 /* SwiftProjectTests.xctest */,
				17659A8923BBAAE800462C46 /* SwiftProjectUITests.xctest */,
			);
			name = Products;
			sourceTree = "<group>";
		};
		17659A6A23BBAAE600462C46 /* SwiftProject */ = {
			isa = PBXGroup;
			children = (
				17659A6B23BBAAE600462C46 /* AppDelegate.swift */,
				17659A6D23BBAAE600462C46 /* SceneDelegate.swift */,
				17659A6F23BBAAE600462C46 /* ViewController.swift */,
				17659A9B23BC5A6600462C46 /* StringUsageViewController.swift */,
				17659A7123BBAAE600462C46 /* Main.storyboard */,
				17659A7423BBAAE800462C46 /* Assets.xcassets */,
				17659A7623BBAAE800462C46 /* LaunchScreen.storyboard */,
				17659A7923BBAAE800462C46 /* Info.plist */,
			);
			path = SwiftProject;
			sourceTree = "<group>";
		};
		17659A8123BBAAE800462C46 /* SwiftProjectTests */ = {
			isa = PBXGroup;
			children = (
				17659A8223BBAAE800462C46 /* SwiftProjectTests.swift */,
				17659A8423BBAAE800462C46 /* Info.plist */,
			);
			path = SwiftProjectTests;
			sourceTree = "<group>";
		};
		17659A8C23BBAAE800462C46 /* SwiftProjectUITests */ = {
			isa = PBXGroup;
			children = (
				17659A8D23BBAAE800462C46 /* SwiftProjectUITests.swift */,
				17659A8F23BBAAE800462C46 /* Info.plist */,
			);
			path = SwiftProjectUITests;
			sourceTree = "<group>";
		};
		4E7A21C14A567D9F948903C6 /* Pods */ = {
			isa = PBXGroup;
			children = (
				43347B42D14CC449A8C7D375 /* Pods-SwiftProject.debug.xcconfig */,
				51CA800F057DDB26F84E4E45 /* Pods-SwiftProject.release.xcconfig */,
				E28607C5832B2B1B56495DD7 /* Pods-SwiftProject-SwiftProjectUITests.debug.xcconfig */,
				9F7B3527779C693608D1E9B1 /* Pods-SwiftProject-SwiftProjectUITests.release.xcconfig */,
				317D71496F5B2B33DD00333C /* Pods-SwiftProjectTests.debug.xcconfig */,
				41B594C6F4AF8E82BAA04F8B /* Pods-SwiftProjectTests.release.xcconfig */,
			);
			path = Pods;
			sourceTree = "<group>";
		};
		591C6B09869EC07235A999E6 /* Frameworks */ = {
			isa = PBXGroup;
			children = (
				4D56D873629130E8868180BD /* Pods_SwiftProject.framework */,
				C82486BFC5958097DB2548A2 /* Pods_SwiftProject_SwiftProjectUITests.framework */,
				93F71B362217682436FD0AB9 /* Pods_SwiftProjectTests.framework */,
			);
			name = Frameworks;
			sourceTree = "<group>";
		};
/* End PBXGroup section */

/* Begin PBXNativeTarget section */
		17659A6723BBAAE600462C46 /* SwiftProject */ = {
			isa = PBXNativeTarget;
			buildConfigurationList = 17659A9223BBAAE800462C46 /* Build configuration list for PBXNativeTarget "SwiftProject" */;
			buildPhases = (
				E25043AA1E7CBDF167216542 /* [CP] Check Pods Manifest.lock */,
				17659A6423BBAAE600462C46 /* Sources */,
				17659A6523BBAAE600462C46 /* Frameworks */,
				17659A6623BBAAE600462C46 /* Resources */,
				3A5DD688BCC1B857FCFCBA68 /* [CP] Embed Pods Frameworks */,
			);
			buildRules = (
			);
			dependencies = (
			);
			name = SwiftProject;
			productName = SwiftProject;
			productReference = 17659A6823BBAAE600462C46 /* SwiftProject.app */;
			productType = "com.apple.product-type.application";
		};
		17659A7D23BBAAE800462C46 /* SwiftProjectTests */ = {
			isa = PBXNativeTarget;
			buildConfigurationList = 17659A9523BBAAE800462C46 /* Build configuration list for PBXNativeTarget "SwiftProjectTests" */;
			buildPhases = (
				102AEE72BBB922A1CF2A2A48 /* [CP] Check Pods Manifest.lock */,
				17659A7A23BBAAE800462C46 /* Sources */,
				17659A7B23BBAAE800462C46 /* Frameworks */,
				17659A7C23BBAAE800462C46 /* Resources */,
			);
			buildRules = (
			);
			dependencies = (
				17659A8023BBAAE800462C46 /* PBXTargetDependency */,
			);
			name = SwiftProjectTests;
			productName = SwiftProjectTests;
			productReference = 17659A7E23BBAAE800462C46 /* SwiftProjectTests.xctest */;
			productType = "com.apple.product-type.bundle.unit-test";
		};
		17659A8823BBAAE800462C46 /* SwiftProjectUITests */ = {
			isa = PBXNativeTarget;
			buildConfigurationList = 17659A9823BBAAE800462C46 /* Build configuration list for PBXNativeTarget "SwiftProjectUITests" */;
			buildPhases = (
				6DC4C4522ABC4628F29EDC76 /* [CP] Check Pods Manifest.lock */,
				17659A8523BBAAE800462C46 /* Sources */,
				17659A8623BBAAE800462C46 /* Frameworks */,
				17659A8723BBAAE800462C46 /* Resources */,
				3622673670CE6E59631CE342 /* [CP] Embed Pods Frameworks */,
			);
			buildRules = (
			);
			dependencies = (
				17659A8B23BBAAE800462C46 /* PBXTargetDependency */,
			);
			name = SwiftProjectUITests;
			productName = SwiftProjectUITests;
			productReference = 17659A8923BBAAE800462C46 /* SwiftProjectUITests.xctest */;
			productType = "com.apple.product-type.bundle.ui-testing";
		};
/* End PBXNativeTarget section */

/* Begin PBXProject section */
		17659A6023BBAAE600462C46 /* Project object */ = {
			isa = PBXProject;
			attributes = {
				LastSwiftUpdateCheck = 1130;
				LastUpgradeCheck = 1130;
				ORGANIZATIONNAME = "臧乾坤";
				TargetAttributes = {
					17659A6723BBAAE600462C46 = {
						CreatedOnToolsVersion = 11.3;
					};
					17659A7D23BBAAE800462C46 = {
						CreatedOnToolsVersion = 11.3;
						TestTargetID = 17659A6723BBAAE600462C46;
					};
					17659A8823BBAAE800462C46 = {
						CreatedOnToolsVersion = 11.3;
						TestTargetID = 17659A6723BBAAE600462C46;
					};
				};
			};
			buildConfigurationList = 17659A6323BBAAE600462C46 /* Build configuration list for PBXProject "SwiftProject" */;
			compatibilityVersion = "Xcode 9.3";
			developmentRegion = en;
			hasScannedForEncodings = 0;
			knownRegions = (
				en,
				Base,
			);
			mainGroup = 17659A5F23BBAAE600462C46;
			productRefGroup = 17659A6923BBAAE600462C46 /* Products */;
			projectDirPath = "";
			projectRoot = "";
			targets = (
				17659A6723BBAAE600462C46 /* SwiftProject */,
				17659A7D23BBAAE800462C46 /* SwiftProjectTests */,
				17659A8823BBAAE800462C46 /* SwiftProjectUITests */,
			);
		};
/* End PBXProject section */

/* Begin PBXResourcesBuildPhase section */
		17659A6623BBAAE600462C46 /* Resources */ = {
			isa = PBXResourcesBuildPhase;
			buildActionMask = 2147483647;
			files = (
				17659A7823BBAAE800462C46 /* LaunchScreen.storyboard in Resources */,
				17659A7523BBAAE800462C46 /* Assets.xcassets in Resources */,
				17659A7323BBAAE600462C46 /* Main.storyboard in Resources */,
			);
			runOnlyForDeploymentPostprocessing = 0;
		};
		17659A7C23BBAAE800462C46 /* Resources */ = {
			isa = PBXResourcesBuildPhase;
			buildActionMask = 2147483647;
			files = (
			);
			runOnlyForDeploymentPostprocessing = 0;
		};
		17659A8723BBAAE800462C46 /* Resources */ = {
			isa = PBXResourcesBuildPhase;
			buildActionMask = 2147483647;
			files = (
			);
			runOnlyForDeploymentPostprocessing = 0;
		};
/* End PBXResourcesBuildPhase section */

/* Begin PBXShellScriptBuildPhase section */
		102AEE72BBB922A1CF2A2A48 /* [CP] Check Pods Manifest.lock */ = {
			isa = PBXShellScriptBuildPhase;
			buildActionMask = 2147483647;
			files = (
			);
			inputFileListPaths = (
			);
			inputPaths = (
				"${PODS_PODFILE_DIR_PATH}/Podfile.lock",
				"${PODS_ROOT}/Manifest.lock",
			);
			name = "[CP] Check Pods Manifest.lock";
			outputFileListPaths = (
			);
			outputPaths = (
				"$(DERIVED_FILE_DIR)/Pods-SwiftProjectTests-checkManifestLockResult.txt",
			);
			runOnlyForDeploymentPostprocessing = 0;
			shellPath = /bin/sh;
			shellScript = "diff \"${PODS_PODFILE_DIR_PATH}/Podfile.lock\" \"${PODS_ROOT}/Manifest.lock\" > /dev/null\nif [ $? != 0 ] ; then\n    # print error to STDERR\n    echo \"error: The sandbox is not in sync with the Podfile.lock. Run 'pod install' or update your CocoaPods installation.\" >&2\n    exit 1\nfi\n# This output is used by Xcode 'outputs' to avoid re-running this script phase.\necho \"SUCCESS\" > \"${SCRIPT_OUTPUT_FILE_0}\"\n";
			showEnvVarsInLog = 0;
		};
		3622673670CE6E59631CE342 /* [CP] Embed Pods Frameworks */ = {
			isa = PBXShellScriptBuildPhase;
			buildActionMask = 2147483647;
			files = (
			);
			inputFileListPaths = (
				"${PODS_ROOT}/Target Support Files/Pods-SwiftProject-SwiftProjectUITests/Pods-SwiftProject-SwiftProjectUITests-frameworks-${CONFIGURATION}-input-files.xcfilelist",
			);
			name = "[CP] Embed Pods Frameworks";
			outputFileListPaths = (
				"${PODS_ROOT}/Target Support Files/Pods-SwiftProject-SwiftProjectUITests/Pods-SwiftProject-SwiftProjectUITests-frameworks-${CONFIGURATION}-output-files.xcfilelist",
			);
			runOnlyForDeploymentPostprocessing = 0;
			shellPath = /bin/sh;
			shellScript = "\"${PODS_ROOT}/Target Support Files/Pods-SwiftProject-SwiftProjectUITests/Pods-SwiftProject-SwiftProjectUITests-frameworks.sh\"\n";
			showEnvVarsInLog = 0;
		};
		3A5DD688BCC1B857FCFCBA68 /* [CP] Embed Pods Frameworks */ = {
			isa = PBXShellScriptBuildPhase;
			buildActionMask = 2147483647;
			files = (
			);
			inputFileListPaths = (
				"${PODS_ROOT}/Target Support Files/Pods-SwiftProject/Pods-SwiftProject-frameworks-${CONFIGURATION}-input-files.xcfilelist",
			);
			name = "[CP] Embed Pods Frameworks";
			outputFileListPaths = (
				"${PODS_ROOT}/Target Support Files/Pods-SwiftProject/Pods-SwiftProject-frameworks-${CONFIGURATION}-output-files.xcfilelist",
			);
			runOnlyForDeploymentPostprocessing = 0;
			shellPath = /bin/sh;
			shellScript = "\"${PODS_ROOT}/Target Support Files/Pods-SwiftProject/Pods-SwiftProject-frameworks.sh\"\n";
			showEnvVarsInLog = 0;
		};
		6DC4C4522ABC4628F29EDC76 /* [CP] Check Pods Manifest.lock */ = {
			isa = PBXShellScriptBuildPhase;
			buildActionMask = 2147483647;
			files = (
			);
			inputFileListPaths = (
			);
			inputPaths = (
				"${PODS_PODFILE_DIR_PATH}/Podfile.lock",
				"${PODS_ROOT}/Manifest.lock",
			);
			name = "[CP] Check Pods Manifest.lock";
			outputFileListPaths = (
			);
			outputPaths = (
				"$(DERIVED_FILE_DIR)/Pods-SwiftProject-SwiftProjectUITests-checkManifestLockResult.txt",
			);
			runOnlyForDeploymentPostprocessing = 0;
			shellPath = /bin/sh;
			shellScript = "diff \"${PODS_PODFILE_DIR_PATH}/Podfile.lock\" \"${PODS_ROOT}/Manifest.lock\" > /dev/null\nif [ $? != 0 ] ; then\n    # print error to STDERR\n    echo \"error: The sandbox is not in sync with the Podfile.lock. Run 'pod install' or update your CocoaPods installation.\" >&2\n    exit 1\nfi\n# This output is used by Xcode 'outputs' to avoid re-running this script phase.\necho \"SUCCESS\" > \"${SCRIPT_OUTPUT_FILE_0}\"\n";
			showEnvVarsInLog = 0;
		};
		E25043AA1E7CBDF167216542 /* [CP] Check Pods Manifest.lock */ = {
			isa = PBXShellScriptBuildPhase;
			buildActionMask = 2147483647;
			files = (
			);
			inputFileListPaths = (
			);
			inputPaths = (
				"${PODS_PODFILE_DIR_PATH}/Podfile.lock",
				"${PODS_ROOT}/Manifest.lock",
			);
			name = "[CP] Check Pods Manifest.lock";
			outputFileListPaths = (
			);
			outputPaths = (
				"$(DERIVED_FILE_DIR)/Pods-SwiftProject-checkManifestLockResult.txt",
			);
			runOnlyForDeploymentPostprocessing = 0;
			shellPath = /bin/sh;
			shellScript = "diff \"${PODS_PODFILE_DIR_PATH}/Podfile.lock\" \"${PODS_ROOT}/Manifest.lock\" > /dev/null\nif [ $? != 0 ] ; then\n    # print error to STDERR\n    echo \"error: The sandbox is not in sync with the Podfile.lock. Run 'pod install' or update your CocoaPods installation.\" >&2\n    exit 1\nfi\n# This output is used by Xcode 'outputs' to avoid re-running this script phase.\necho \"SUCCESS\" > \"${SCRIPT_OUTPUT_FILE_0}\"\n";
			showEnvVarsInLog = 0;
		};
/* End PBXShellScriptBuildPhase section */

/* Begin PBXSourcesBuildPhase section */
		17659A6423BBAAE600462C46 /* Sources */ = {
			isa = PBXSourcesBuildPhase;
			buildActionMask = 2147483647;
			files = (
				17659A7023BBAAE600462C46 /* ViewController.swift in Sources */,
				17659A9C23BC5A6600462C46 /* StringUsageViewController.swift in Sources */,
				17659A6C23BBAAE600462C46 /* AppDelegate.swift in Sources */,
				17659A6E23BBAAE600462C46 /* SceneDelegate.swift in Sources */,
			);
			runOnlyForDeploymentPostprocessing = 0;
		};
		17659A7A23BBAAE800462C46 /* Sources */ = {
			isa = PBXSourcesBuildPhase;
			buildActionMask = 2147483647;
			files = (
				17659A8323BBAAE800462C46 /* SwiftProjectTests.swift in Sources */,
			);
			runOnlyForDeploymentPostprocessing = 0;
		};
		17659A8523BBAAE800462C46 /* Sources */ = {
			isa = PBXSourcesBuildPhase;
			buildActionMask = 2147483647;
			files = (
				17659A8E23BBAAE800462C46 /* SwiftProjectUITests.swift in Sources */,
			);
			runOnlyForDeploymentPostprocessing = 0;
		};
/* End PBXSourcesBuildPhase section */

/* Begin PBXTargetDependency section */
		17659A8023BBAAE800462C46 /* PBXTargetDependency */ = {
			isa = PBXTargetDependency;
			target = 17659A6723BBAAE600462C46 /* SwiftProject */;
			targetProxy = 17659A7F23BBAAE800462C46 /* PBXContainerItemProxy */;
		};
		17659A8B23BBAAE800462C46 /* PBXTargetDependency */ = {
			isa = PBXTargetDependency;
			target = 17659A6723BBAAE600462C46 /* SwiftProject */;
			targetProxy = 17659A8A23BBAAE800462C46 /* PBXContainerItemProxy */;
		};
/* End PBXTargetDependency section */

/* Begin PBXVariantGroup section */
		17659A7123BBAAE600462C46 /* Main.storyboard */ = {
			isa = PBXVariantGroup;
			children = (
				17659A7223BBAAE600462C46 /* Base */,
			);
			name = Main.storyboard;
			sourceTree = "<group>";
		};
		17659A7623BBAAE800462C46 /* LaunchScreen.storyboard */ = {
			isa = PBXVariantGroup;
			children = (
				17659A7723BBAAE800462C46 /* Base */,
			);
			name = LaunchScreen.storyboard;
			sourceTree = "<group>";
		};
/* End PBXVariantGroup section */

/* Begin XCBuildConfiguration section */
		17659A9023BBAAE800462C46 /* Debug */ = {
			isa = XCBuildConfiguration;
			buildSettings = {
				ALWAYS_SEARCH_USER_PATHS = NO;
				CLANG_ANALYZER_NONNULL = YES;
				CLANG_ANALYZER_NUMBER_OBJECT_CONVERSION = YES_AGGRESSIVE;
				CLANG_CXX_LANGUAGE_STANDARD = "gnu++14";
				CLANG_CXX_LIBRARY = "libc++";
				CLANG_ENABLE_MODULES = YES;
				CLANG_ENABLE_OBJC_ARC = YES;
				CLANG_ENABLE_OBJC_WEAK = YES;
				CLANG_WARN_BLOCK_CAPTURE_AUTORELEASING = YES;
				CLANG_WARN_BOOL_CONVERSION = YES;
				CLANG_WARN_COMMA = YES;
				CLANG_WARN_CONSTANT_CONVERSION = YES;
				CLANG_WARN_DEPRECATED_OBJC_IMPLEMENTATIONS = YES;
				CLANG_WARN_DIRECT_OBJC_ISA_USAGE = YES_ERROR;
				CLANG_WARN_DOCUMENTATION_COMMENTS = YES;
				CLANG_WARN_EMPTY_BODY = YES;
				CLANG_WARN_ENUM_CONVERSION = YES;
				CLANG_WARN_INFINITE_RECURSION = YES;
				CLANG_WARN_INT_CONVERSION = YES;
				CLANG_WARN_NON_LITERAL_NULL_CONVERSION = YES;
				CLANG_WARN_OBJC_IMPLICIT_RETAIN_SELF = YES;
				CLANG_WARN_OBJC_LITERAL_CONVERSION = YES;
				CLANG_WARN_OBJC_ROOT_CLASS = YES_ERROR;
				CLANG_WARN_RANGE_LOOP_ANALYSIS = YES;
				CLANG_WARN_STRICT_PROTOTYPES = YES;
				CLANG_WARN_SUSPICIOUS_MOVE = YES;
				CLANG_WARN_UNGUARDED_AVAILABILITY = YES_AGGRESSIVE;
				CLANG_WARN_UNREACHABLE_CODE = YES;
				CLANG_WARN__DUPLICATE_METHOD_MATCH = YES;
				COPY_PHASE_STRIP = NO;
				DEBUG_INFORMATION_FORMAT = dwarf;
				ENABLE_STRICT_OBJC_MSGSEND = YES;
				ENABLE_TESTABILITY = YES;
				GCC_C_LANGUAGE_STANDARD = gnu11;
				GCC_DYNAMIC_NO_PIC = NO;
				GCC_NO_COMMON_BLOCKS = YES;
				GCC_OPTIMIZATION_LEVEL = 0;
				GCC_PREPROCESSOR_DEFINITIONS = (
					"DEBUG=1",
					"$(inherited)",
				);
				GCC_WARN_64_TO_32_BIT_CONVERSION = YES;
				GCC_WARN_ABOUT_RETURN_TYPE = YES_ERROR;
				GCC_WARN_UNDECLARED_SELECTOR = YES;
				GCC_WARN_UNINITIALIZED_AUTOS = YES_AGGRESSIVE;
				GCC_WARN_UNUSED_FUNCTION = YES;
				GCC_WARN_UNUSED_VARIABLE = YES;
				IPHONEOS_DEPLOYMENT_TARGET = 13.2;
				MTL_ENABLE_DEBUG_INFO = INCLUDE_SOURCE;
				MTL_FAST_MATH = YES;
				ONLY_ACTIVE_ARCH = YES;
				SDKROOT = iphoneos;
				SWIFT_ACTIVE_COMPILATION_CONDITIONS = DEBUG;
				SWIFT_OPTIMIZATION_LEVEL = "-Onone";
			};
			name = Debug;
		};
		17659A9123BBAAE800462C46 /* Release */ = {
			isa = XCBuildConfiguration;
			buildSettings = {
				ALWAYS_SEARCH_USER_PATHS = NO;
				CLANG_ANALYZER_NONNULL = YES;
				CLANG_ANALYZER_NUMBER_OBJECT_CONVERSION = YES_AGGRESSIVE;
				CLANG_CXX_LANGUAGE_STANDARD = "gnu++14";
				CLANG_CXX_LIBRARY = "libc++";
				CLANG_ENABLE_MODULES = YES;
				CLANG_ENABLE_OBJC_ARC = YES;
				CLANG_ENABLE_OBJC_WEAK = YES;
				CLANG_WARN_BLOCK_CAPTURE_AUTORELEASING = YES;
				CLANG_WARN_BOOL_CONVERSION = YES;
				CLANG_WARN_COMMA = YES;
				CLANG_WARN_CONSTANT_CONVERSION = YES;
				CLANG_WARN_DEPRECATED_OBJC_IMPLEMENTATIONS = YES;
				CLANG_WARN_DIRECT_OBJC_ISA_USAGE = YES_ERROR;
				CLANG_WARN_DOCUMENTATION_COMMENTS = YES;
				CLANG_WARN_EMPTY_BODY = YES;
				CLANG_WARN_ENUM_CONVERSION = YES;
				CLANG_WARN_INFINITE_RECURSION = YES;
				CLANG_WARN_INT_CONVERSION = YES;
				CLANG_WARN_NON_LITERAL_NULL_CONVERSION = YES;
				CLANG_WARN_OBJC_IMPLICIT_RETAIN_SELF = YES;
				CLANG_WARN_OBJC_LITERAL_CONVERSION = YES;
				CLANG_WARN_OBJC_ROOT_CLASS = YES_ERROR;
				CLANG_WARN_RANGE_LOOP_ANALYSIS = YES;
				CLANG_WARN_STRICT_PROTOTYPES = YES;
				CLANG_WARN_SUSPICIOUS_MOVE = YES;
				CLANG_WARN_UNGUARDED_AVAILABILITY = YES_AGGRESSIVE;
				CLANG_WARN_UNREACHABLE_CODE = YES;
				CLANG_WARN__DUPLICATE_METHOD_MATCH = YES;
				COPY_PHASE_STRIP = NO;
				DEBUG_INFORMATION_FORMAT = "dwarf-with-dsym";
				ENABLE_NS_ASSERTIONS = NO;
				ENABLE_STRICT_OBJC_MSGSEND = YES;
				GCC_C_LANGUAGE_STANDARD = gnu11;
				GCC_NO_COMMON_BLOCKS = YES;
				GCC_WARN_64_TO_32_BIT_CONVERSION = YES;
				GCC_WARN_ABOUT_RETURN_TYPE = YES_ERROR;
				GCC_WARN_UNDECLARED_SELECTOR = YES;
				GCC_WARN_UNINITIALIZED_AUTOS = YES_AGGRESSIVE;
				GCC_WARN_UNUSED_FUNCTION = YES;
				GCC_WARN_UNUSED_VARIABLE = YES;
				IPHONEOS_DEPLOYMENT_TARGET = 13.2;
				MTL_ENABLE_DEBUG_INFO = NO;
				MTL_FAST_MATH = YES;
				SDKROOT = iphoneos;
				SWIFT_COMPILATION_MODE = wholemodule;
				SWIFT_OPTIMIZATION_LEVEL = "-O";
				VALIDATE_PRODUCT = YES;
			};
			name = Release;
		};
		17659A9323BBAAE800462C46 /* Debug */ = {
			isa = XCBuildConfiguration;
			baseConfigurationReference = 43347B42D14CC449A8C7D375 /* Pods-SwiftProject.debug.xcconfig */;
			buildSettings = {
				ASSETCATALOG_COMPILER_APPICON_NAME = AppIcon;
				CODE_SIGN_STYLE = Automatic;
				DEVELOPMENT_TEAM = GKY55PPXT6;
				INFOPLIST_FILE = SwiftProject/Info.plist;
				IPHONEOS_DEPLOYMENT_TARGET = 10.0;
				LD_RUNPATH_SEARCH_PATHS = (
					"$(inherited)",
					"@executable_path/Frameworks",
				);
				PRODUCT_BUNDLE_IDENTIFIER = com.QuentinZang.SwiftProject;
				PRODUCT_NAME = "$(TARGET_NAME)";
				SWIFT_VERSION = 5.0;
				TARGETED_DEVICE_FAMILY = "1,2";
			};
			name = Debug;
		};
		17659A9423BBAAE800462C46 /* Release */ = {
			isa = XCBuildConfiguration;
			baseConfigurationReference = 51CA800F057DDB26F84E4E45 /* Pods-SwiftProject.release.xcconfig */;
			buildSettings = {
				ASSETCATALOG_COMPILER_APPICON_NAME = AppIcon;
				CODE_SIGN_STYLE = Automatic;
				DEVELOPMENT_TEAM = GKY55PPXT6;
				INFOPLIST_FILE = SwiftProject/Info.plist;
				IPHONEOS_DEPLOYMENT_TARGET = 10.0;
				LD_RUNPATH_SEARCH_PATHS = (
					"$(inherited)",
					"@executable_path/Frameworks",
				);
				PRODUCT_BUNDLE_IDENTIFIER = com.QuentinZang.SwiftProject;
				PRODUCT_NAME = "$(TARGET_NAME)";
				SWIFT_VERSION = 5.0;
				TARGETED_DEVICE_FAMILY = "1,2";
			};
			name = Release;
		};
		17659A9623BBAAE800462C46 /* Debug */ = {
			isa = XCBuildConfiguration;
			baseConfigurationReference = 317D71496F5B2B33DD00333C /* Pods-SwiftProjectTests.debug.xcconfig */;
			buildSettings = {
				ALWAYS_EMBED_SWIFT_STANDARD_LIBRARIES = YES;
				BUNDLE_LOADER = "$(TEST_HOST)";
				CODE_SIGN_STYLE = Automatic;
				DEVELOPMENT_TEAM = GKY55PPXT6;
				INFOPLIST_FILE = SwiftProjectTests/Info.plist;
				IPHONEOS_DEPLOYMENT_TARGET = 13.2;
				LD_RUNPATH_SEARCH_PATHS = (
					"$(inherited)",
					"@executable_path/Frameworks",
					"@loader_path/Frameworks",
				);
				PRODUCT_BUNDLE_IDENTIFIER = com.QuentinZang.SwiftProjectTests;
				PRODUCT_NAME = "$(TARGET_NAME)";
				SWIFT_VERSION = 5.0;
				TARGETED_DEVICE_FAMILY = "1,2";
				TEST_HOST = "$(BUILT_PRODUCTS_DIR)/SwiftProject.app/SwiftProject";
			};
			name = Debug;
		};
		17659A9723BBAAE800462C46 /* Release */ = {
			isa = XCBuildConfiguration;
			baseConfigurationReference = 41B594C6F4AF8E82BAA04F8B /* Pods-SwiftProjectTests.release.xcconfig */;
			buildSettings = {
				ALWAYS_EMBED_SWIFT_STANDARD_LIBRARIES = YES;
				BUNDLE_LOADER = "$(TEST_HOST)";
				CODE_SIGN_STYLE = Automatic;
				DEVELOPMENT_TEAM = GKY55PPXT6;
				INFOPLIST_FILE = SwiftProjectTests/Info.plist;
				IPHONEOS_DEPLOYMENT_TARGET = 13.2;
				LD_RUNPATH_SEARCH_PATHS = (
					"$(inherited)",
					"@executable_path/Frameworks",
					"@loader_path/Frameworks",
				);
				PRODUCT_BUNDLE_IDENTIFIER = com.QuentinZang.SwiftProjectTests;
				PRODUCT_NAME = "$(TARGET_NAME)";
				SWIFT_VERSION = 5.0;
				TARGETED_DEVICE_FAMILY = "1,2";
				TEST_HOST = "$(BUILT_PRODUCTS_DIR)/SwiftProject.app/SwiftProject";
			};
			name = Release;
		};
		17659A9923BBAAE800462C46 /* Debug */ = {
			isa = XCBuildConfiguration;
			baseConfigurationReference = E28607C5832B2B1B56495DD7 /* Pods-SwiftProject-SwiftProjectUITests.debug.xcconfig */;
			buildSettings = {
				ALWAYS_EMBED_SWIFT_STANDARD_LIBRARIES = YES;
				CODE_SIGN_STYLE = Automatic;
				DEVELOPMENT_TEAM = GKY55PPXT6;
				INFOPLIST_FILE = SwiftProjectUITests/Info.plist;
				LD_RUNPATH_SEARCH_PATHS = (
					"$(inherited)",
					"@executable_path/Frameworks",
					"@loader_path/Frameworks",
				);
				PRODUCT_BUNDLE_IDENTIFIER = com.QuentinZang.SwiftProjectUITests;
				PRODUCT_NAME = "$(TARGET_NAME)";
				SWIFT_VERSION = 5.0;
				TARGETED_DEVICE_FAMILY = "1,2";
				TEST_TARGET_NAME = SwiftProject;
			};
			name = Debug;
		};
		17659A9A23BBAAE800462C46 /* Release */ = {
			isa = XCBuildConfiguration;
			baseConfigurationReference = 9F7B3527779C693608D1E9B1 /* Pods-SwiftProject-SwiftProjectUITests.release.xcconfig */;
			buildSettings = {
				ALWAYS_EMBED_SWIFT_STANDARD_LIBRARIES = YES;
				CODE_SIGN_STYLE = Automatic;
				DEVELOPMENT_TEAM = GKY55PPXT6;
				INFOPLIST_FILE = SwiftProjectUITests/Info.plist;
				LD_RUNPATH_SEARCH_PATHS = (
					"$(inherited)",
					"@executable_path/Frameworks",
					"@loader_path/Frameworks",
				);
				PRODUCT_BUNDLE_IDENTIFIER = com.QuentinZang.SwiftProjectUITests;
				PRODUCT_NAME = "$(TARGET_NAME)";
				SWIFT_VERSION = 5.0;
				TARGETED_DEVICE_FAMILY = "1,2";
				TEST_TARGET_NAME = SwiftProject;
			};
			name = Release;
		};
/* End XCBuildConfiguration section */

/* Begin XCConfigurationList section */
		17659A6323BBAAE600462C46 /* Build configuration list for PBXProject "SwiftProject" */ = {
			isa = XCConfigurationList;
			buildConfigurations = (
				17659A9023BBAAE800462C46 /* Debug */,
				17659A9123BBAAE800462C46 /* Release */,
			);
			defaultConfigurationIsVisible = 0;
			defaultConfigurationName = Release;
		};
		17659A9223BBAAE800462C46 /* Build configuration list for PBXNativeTarget "SwiftProject" */ = {
			isa = XCConfigurationList;
			buildConfigurations = (
				17659A9323BBAAE800462C46 /* Debug */,
				17659A9423BBAAE800462C46 /* Release */,
			);
			defaultConfigurationIsVisible = 0;
			defaultConfigurationName = Release;
		};
		17659A9523BBAAE800462C46 /* Build configuration list for PBXNativeTarget "SwiftProjectTests" */ = {
			isa = XCConfigurationList;
			buildConfigurations = (
				17659A9623BBAAE800462C46 /* Debug */,
				17659A9723BBAAE800462C46 /* Release */,
			);
			defaultConfigurationIsVisible = 0;
			defaultConfigurationName = Release;
		};
		17659A9823BBAAE800462C46 /* Build configuration list for PBXNativeTarget "SwiftProjectUITests" */ = {
			isa = XCConfigurationList;
			buildConfigurations = (
				17659A9923BBAAE800462C46 /* Debug */,
				17659A9A23BBAAE800462C46 /* Release */,
			);
			defaultConfigurationIsVisible = 0;
			defaultConfigurationName = Release;
		};
/* End XCConfigurationList section */
	};
	rootObject = 17659A6023BBAAE600462C46 /* Project object */;
}
